
Microsoft Visual Studio Solution File, Format Version 12.00
# Visual Studio Version 17
VisualStudioVersion = 17.9.34728.123
MinimumVisualStudioVersion = 10.0.40219.1
Project("{9A19103F-16F7-4668-BE54-9A1E7A4F7556}") = "Session3P2_Demo_C#", "Session3P2_Demo_C#.csproj", "{3F77D63A-3F77-4BFE-9D8B-CEFCEBABBBC9}"
EndProject
Global
	GlobalSection(SolutionConfigurationPlatforms) = preSolution
		Debug|Any CPU = Debug|Any CPU
		Release|Any CPU = Release|Any CPU
	EndGlobalSection
	GlobalSection(ProjectConfigurationPlatforms) = postSolution
		{3F77D63A-3F77-4BFE-9D8B-CEFCEBABBBC9}.Debug|Any CPU.ActiveCfg = Debug|Any CPU
		{3F77D63A-3F77-4BFE-9D8B-CEFCEBABBBC9}.Debug|Any CPU.Build.0 = Debug|Any CPU
		{3F77D63A-3F77-4BFE-9D8B-CEFCEBABBBC9}.Release|Any CPU.ActiveCfg = Release|Any CPU
		{3F77D63A-3F77-4BFE-9D8B-CEFCEBABBBC9}.Release|Any CPU.Build.0 = Release|Any CPU
	EndGlobalSection
	GlobalSection(SolutionProperties) = preSolution
		HideSolutionNode = FALSE
	EndGlobalSection
	GlobalSection(ExtensibilityGlobals) = postSolution
		SolutionGuid = {6CA9B536-EADE-420F-9F0F-3E2C11F9F13D}
	EndGlobalSection
EndGlobal
